
Microsoft Visual Studio Solution File, Format Version 12.00
# Visual Studio Version 17
VisualStudioVersion = 17.7.34031.279
MinimumVisualStudioVersion = 10.0.40219.1
Project("{FAE04EC0-301F-11D3-BF4B-00C04F79EFBC}") = "DBMS_Calcul", "DBMS_Calcul.csproj", "{A7CB3014-DE7A-413C-AFB6-910AF5D52651}"
EndProject
Global
	GlobalSection(SolutionConfigurationPlatforms) = preSolution
		Debug|Any CPU = Debug|Any CPU
		Release|Any CPU = Release|Any CPU
	EndGlobalSection
	GlobalSection(ProjectConfigurationPlatforms) = postSolution
		{A7CB3014-DE7A-413C-AFB6-910AF5D52651}.Debug|Any CPU.ActiveCfg = Debug|Any CPU
		{A7CB3014-DE7A-413C-AFB6-910AF5D52651}.Debug|Any CPU.Build.0 = Debug|Any CPU
		{A7CB3014-DE7A-413C-AFB6-910AF5D52651}.Release|Any CPU.ActiveCfg = Release|Any CPU
		{A7CB3014-DE7A-413C-AFB6-910AF5D52651}.Release|Any CPU.Build.0 = Release|Any CPU
	EndGlobalSection
	GlobalSection(SolutionProperties) = preSolution
		HideSolutionNode = FALSE
	EndGlobalSection
	GlobalSection(ExtensibilityGlobals) = postSolution
		SolutionGuid = {5150065E-96D4-468A-8F4A-FF565C64B71E}
	EndGlobalSection
EndGlobal
